symfony v2.0.11
twig v1.6.0
monolog 1.0.2
doctrine-common 2.1.4
doctrine-dbal 2.1.6
doctrine 2.1.6
swiftmailer v4.1.5
assetic v1.0.2
twig-extensions 1dfff8e793f50f651c4f74f796c2c68a4aee3147
metadata 1.0.0
SensioFrameworkExtraBundle 638f545b7020b9e9d5944a7e3167f60ed848250d
JMSSecurityExtraBundle 541a4c242328dc04b99540c75346cc74a7c0cfb5
SensioDistributionBundle 20b66a408084ad8752f98e50f10533f5245310bf
SensioGeneratorBundle dd37fc4487bc09ac01bdcf89e0ff4ee4484b7fab
AsseticBundle v1.0.1
data-fixtures f09c0840df9cb7968c89acb91a9fa262f158b1c5
migrations 1a3d3533bd2b9b6d7cc42f78f628649caf9efa51
DoctrineBundle 807485d7781323c2ea12991138340b60f34d3a5d
DoctrineMigrationsBundle 7a63bb570bc3304f8caa8b7421b010617db846c1
DoctrineFixturesBundle fc45e537cf4925f1a7fb636b89e248fc949e8d48
GpxReader 1e2d4654b9f2b95e786d24af52c29416bde417ee
Imagine 45f0b8e6568b0bca99ae4d4ae6771b69ca6da0dd