symfony v2.0.16
twig v1.8.2
monolog 1.0.2
doctrine-common 2.1.4
doctrine-dbal 2.1.7
doctrine 2.1.7
swiftmailer v4.2.0
assetic v1.0.3
twig-extensions feb6d3f10c411e2631997c0a905aa581c80305c1
metadata 1.0.0
SensioFrameworkExtraBundle 3dcf2d31ad898db2a5ab418cb03b9f701ba2350f
JMSSecurityExtraBundle e752f888c51425f71382c056961f10f2be642102
SensioDistributionBundle 41a6c5caed65f02bb09c95a90579f047616471fd
SensioGeneratorBundle c0118ce370f8da20e43051f2dd1ae331a202ab9c
AsseticBundle fbcbaf46df2aa143759319de205e1babcf7dd87d
data-fixtures f09c0840df9cb7968c89acb91a9fa262f158b1c5
migrations 1a3d3533bd2b9b6d7cc42f78f628649caf9efa51
DoctrineBundle 807485d7781323c2ea12991138340b60f34d3a5d
DoctrineMigrationsBundle 7a63bb570bc3304f8caa8b7421b010617db846c1
DoctrineFixturesBundle fc45e537cf4925f1a7fb636b89e248fc949e8d48
GpxReader 1e2d4654b9f2b95e786d24af52c29416bde417ee
Imagine 45f0b8e6568b0bca99ae4d4ae6771b69ca6da0dd